
Microsoft Visual Studio Solution File, Format Version 12.00
# Visual Studio Version 16
VisualStudioVersion = 16.0.29709.97
MinimumVisualStudioVersion = 10.0.40219.1
Project("{FAE04EC0-301F-11D3-BF4B-00C04F79EFBC}") = "ConsoleApp1", "ConsoleApp1\ConsoleApp1.csproj", "{AD81EFC0-B4ED-411C-87F7-28C34748A327}"
EndProject
Global
	GlobalSection(SolutionConfigurationPlatforms) = preSolution
		Debug|Any CPU = Debug|Any CPU
		Release|Any CPU = Release|Any CPU
	EndGlobalSection
	GlobalSection(ProjectConfigurationPlatforms) = postSolution
		{AD81EFC0-B4ED-411C-87F7-28C34748A327}.Debug|Any CPU.ActiveCfg = Debug|Any CPU
		{AD81EFC0-B4ED-411C-87F7-28C34748A327}.Debug|Any CPU.Build.0 = Debug|Any CPU
		{AD81EFC0-B4ED-411C-87F7-28C34748A327}.Release|Any CPU.ActiveCfg = Release|Any CPU
		{AD81EFC0-B4ED-411C-87F7-28C34748A327}.Release|Any CPU.Build.0 = Release|Any CPU
	EndGlobalSection
	GlobalSection(SolutionProperties) = preSolution
		HideSolutionNode = FALSE
	EndGlobalSection
	GlobalSection(ExtensibilityGlobals) = postSolution
		SolutionGuid = {BE9564D0-ABA6-49E5-8026-6083DF949716}
	EndGlobalSection
EndGlobal
